
Microsoft Visual Studio Solution File, Format Version 12.00
# Visual Studio Version 17
VisualStudioVersion = 17.5.33530.505
MinimumVisualStudioVersion = 10.0.40219.1
Project("{FAE04EC0-301F-11D3-BF4B-00C04F79EFBC}") = "AutoMate", "AutoMate\AutoMate.csproj", "{80F9762F-8596-4CED-9740-845816A384F7}"
EndProject
Global
	GlobalSection(SolutionConfigurationPlatforms) = preSolution
		Debug|Any CPU = Debug|Any CPU
		Release|Any CPU = Release|Any CPU
	EndGlobalSection
	GlobalSection(ProjectConfigurationPlatforms) = postSolution
		{80F9762F-8596-4CED-9740-845816A384F7}.Debug|Any CPU.ActiveCfg = Debug|Any CPU
		{80F9762F-8596-4CED-9740-845816A384F7}.Debug|Any CPU.Build.0 = Debug|Any CPU
		{80F9762F-8596-4CED-9740-845816A384F7}.Release|Any CPU.ActiveCfg = Release|Any CPU
		{80F9762F-8596-4CED-9740-845816A384F7}.Release|Any CPU.Build.0 = Release|Any CPU
	EndGlobalSection
	GlobalSection(SolutionProperties) = preSolution
		HideSolutionNode = FALSE
	EndGlobalSection
	GlobalSection(ExtensibilityGlobals) = postSolution
		SolutionGuid = {7D59C9F2-9125-4EFA-AB83-5BD2B378FED2}
	EndGlobalSection
EndGlobal
